
Microsoft Visual Studio Solution File, Format Version 12.00
# Visual Studio Version 17
VisualStudioVersion = 17.14.36623.8
MinimumVisualStudioVersion = 10.0.40219.1
Project("{FAE04EC0-301F-11D3-BF4B-00C04F79EFBC}") = "SapiensBank", "SapiensBank.csproj", "{920DF557-0E9E-4D48-A5F5-10D9FE64F3C8}"
EndProject
Project("{FAE04EC0-301F-11D3-BF4B-00C04F79EFBC}") = "SelfTests", "SelfTests\SelfTests.csproj", "{B8330FC3-5E0C-4AD9-AED2-5C6E3C7EBE17}"
EndProject
Project("{FAE04EC0-301F-11D3-BF4B-00C04F79EFBC}") = "SapiensBank.Lib", "SapiensBank.Lib\SapiensBank.Lib.csproj", "{4580CAB8-5B35-4620-872B-CD80F95D2050}"
EndProject
Project("{FAE04EC0-301F-11D3-BF4B-00C04F79EFBC}") = "SapiensBank.Tests", "SapiensBank.Tests\SapiensBank.Tests.csproj", "{919E990F-CF5B-4AFB-A8DA-4910058A4AA9}"
EndProject
Global
	GlobalSection(SolutionConfigurationPlatforms) = preSolution
		Debug|Any CPU = Debug|Any CPU
		Debug|x64 = Debug|x64
		Debug|x86 = Debug|x86
		Release|Any CPU = Release|Any CPU
		Release|x64 = Release|x64
		Release|x86 = Release|x86
	EndGlobalSection
	GlobalSection(ProjectConfigurationPlatforms) = postSolution
		{920DF557-0E9E-4D48-A5F5-10D9FE64F3C8}.Debug|Any CPU.ActiveCfg = Debug|Any CPU
		{920DF557-0E9E-4D48-A5F5-10D9FE64F3C8}.Debug|Any CPU.Build.0 = Debug|Any CPU
		{920DF557-0E9E-4D48-A5F5-10D9FE64F3C8}.Debug|x64.ActiveCfg = Debug|Any CPU
		{920DF557-0E9E-4D48-A5F5-10D9FE64F3C8}.Debug|x64.Build.0 = Debug|Any CPU
		{920DF557-0E9E-4D48-A5F5-10D9FE64F3C8}.Debug|x86.ActiveCfg = Debug|Any CPU
		{920DF557-0E9E-4D48-A5F5-10D9FE64F3C8}.Debug|x86.Build.0 = Debug|Any CPU
		{920DF557-0E9E-4D48-A5F5-10D9FE64F3C8}.Release|Any CPU.ActiveCfg = Release|Any CPU
		{920DF557-0E9E-4D48-A5F5-10D9FE64F3C8}.Release|Any CPU.Build.0 = Release|Any CPU
		{920DF557-0E9E-4D48-A5F5-10D9FE64F3C8}.Release|x64.ActiveCfg = Release|Any CPU
		{920DF557-0E9E-4D48-A5F5-10D9FE64F3C8}.Release|x64.Build.0 = Release|Any CPU
		{920DF557-0E9E-4D48-A5F5-10D9FE64F3C8}.Release|x86.ActiveCfg = Release|Any CPU
		{920DF557-0E9E-4D48-A5F5-10D9FE64F3C8}.Release|x86.Build.0 = Release|Any CPU
		{B8330FC3-5E0C-4AD9-AED2-5C6E3C7EBE17}.Debug|Any CPU.ActiveCfg = Debug|Any CPU
		{B8330FC3-5E0C-4AD9-AED2-5C6E3C7EBE17}.Debug|Any CPU.Build.0 = Debug|Any CPU
		{B8330FC3-5E0C-4AD9-AED2-5C6E3C7EBE17}.Debug|x64.ActiveCfg = Debug|Any CPU
		{B8330FC3-5E0C-4AD9-AED2-5C6E3C7EBE17}.Debug|x64.Build.0 = Debug|Any CPU
		{B8330FC3-5E0C-4AD9-AED2-5C6E3C7EBE17}.Debug|x86.ActiveCfg = Debug|Any CPU
		{B8330FC3-5E0C-4AD9-AED2-5C6E3C7EBE17}.Debug|x86.Build.0 = Debug|Any CPU
		{B8330FC3-5E0C-4AD9-AED2-5C6E3C7EBE17}.Release|Any CPU.ActiveCfg = Release|Any CPU
		{B8330FC3-5E0C-4AD9-AED2-5C6E3C7EBE17}.Release|Any CPU.Build.0 = Release|Any CPU
		{B8330FC3-5E0C-4AD9-AED2-5C6E3C7EBE17}.Release|x64.ActiveCfg = Release|Any CPU
		{B8330FC3-5E0C-4AD9-AED2-5C6E3C7EBE17}.Release|x64.Build.0 = Release|Any CPU
		{B8330FC3-5E0C-4AD9-AED2-5C6E3C7EBE17}.Release|x86.ActiveCfg = Release|Any CPU
		{B8330FC3-5E0C-4AD9-AED2-5C6E3C7EBE17}.Release|x86.Build.0 = Release|Any CPU
		{4580CAB8-5B35-4620-872B-CD80F95D2050}.Debug|Any CPU.ActiveCfg = Debug|Any CPU
		{4580CAB8-5B35-4620-872B-CD80F95D2050}.Debug|Any CPU.Build.0 = Debug|Any CPU
		{4580CAB8-5B35-4620-872B-CD80F95D2050}.Debug|x64.ActiveCfg = Debug|Any CPU
		{4580CAB8-5B35-4620-872B-CD80F95D2050}.Debug|x64.Build.0 = Debug|Any CPU
		{4580CAB8-5B35-4620-872B-CD80F95D2050}.Debug|x86.ActiveCfg = Debug|Any CPU
		{4580CAB8-5B35-4620-872B-CD80F95D2050}.Debug|x86.Build.0 = Debug|Any CPU
		{4580CAB8-5B35-4620-872B-CD80F95D2050}.Release|Any CPU.ActiveCfg = Release|Any CPU
		{4580CAB8-5B35-4620-872B-CD80F95D2050}.Release|Any CPU.Build.0 = Release|Any CPU
		{4580CAB8-5B35-4620-872B-CD80F95D2050}.Release|x64.ActiveCfg = Release|Any CPU
		{4580CAB8-5B35-4620-872B-CD80F95D2050}.Release|x64.Build.0 = Release|Any CPU
		{4580CAB8-5B35-4620-872B-CD80F95D2050}.Release|x86.ActiveCfg = Release|Any CPU
		{4580CAB8-5B35-4620-872B-CD80F95D2050}.Release|x86.Build.0 = Release|Any CPU
		{919E990F-CF5B-4AFB-A8DA-4910058A4AA9}.Debug|Any CPU.ActiveCfg = Debug|Any CPU
		{919E990F-CF5B-4AFB-A8DA-4910058A4AA9}.Debug|Any CPU.Build.0 = Debug|Any CPU
		{919E990F-CF5B-4AFB-A8DA-4910058A4AA9}.Debug|x64.ActiveCfg = Debug|Any CPU
		{919E990F-CF5B-4AFB-A8DA-4910058A4AA9}.Debug|x64.Build.0 = Debug|Any CPU
		{919E990F-CF5B-4AFB-A8DA-4910058A4AA9}.Debug|x86.ActiveCfg = Debug|Any CPU
		{919E990F-CF5B-4AFB-A8DA-4910058A4AA9}.Debug|x86.Build.0 = Debug|Any CPU
		{919E990F-CF5B-4AFB-A8DA-4910058A4AA9}.Release|Any CPU.ActiveCfg = Release|Any CPU
		{919E990F-CF5B-4AFB-A8DA-4910058A4AA9}.Release|Any CPU.Build.0 = Release|Any CPU
		{919E990F-CF5B-4AFB-A8DA-4910058A4AA9}.Release|x64.ActiveCfg = Release|Any CPU
		{919E990F-CF5B-4AFB-A8DA-4910058A4AA9}.Release|x64.Build.0 = Release|Any CPU
		{919E990F-CF5B-4AFB-A8DA-4910058A4AA9}.Release|x86.ActiveCfg = Release|Any CPU
		{919E990F-CF5B-4AFB-A8DA-4910058A4AA9}.Release|x86.Build.0 = Release|Any CPU
	EndGlobalSection
	GlobalSection(SolutionProperties) = preSolution
		HideSolutionNode = FALSE
	EndGlobalSection
	GlobalSection(ExtensibilityGlobals) = postSolution
		SolutionGuid = {11AF83FD-9C7D-411C-866A-5AA75E631363}
	EndGlobalSection
EndGlobal
